
Microsoft Visual Studio Solution File, Format Version 12.00
# Visual Studio Version 16
VisualStudioVersion = 16.0.30709.132
MinimumVisualStudioVersion = 10.0.40219.1
Project("{FAE04EC0-301F-11D3-BF4B-00C04F79EFBC}") = "stateDemo", "stateDemo\stateDemo.csproj", "{E115D7C0-BDAF-4284-BB55-331F2B784E6A}"
EndProject
Global
	GlobalSection(SolutionConfigurationPlatforms) = preSolution
		Debug|Any CPU = Debug|Any CPU
		Release|Any CPU = Release|Any CPU
	EndGlobalSection
	GlobalSection(ProjectConfigurationPlatforms) = postSolution
		{E115D7C0-BDAF-4284-BB55-331F2B784E6A}.Debug|Any CPU.ActiveCfg = Debug|Any CPU
		{E115D7C0-BDAF-4284-BB55-331F2B784E6A}.Debug|Any CPU.Build.0 = Debug|Any CPU
		{E115D7C0-BDAF-4284-BB55-331F2B784E6A}.Release|Any CPU.ActiveCfg = Release|Any CPU
		{E115D7C0-BDAF-4284-BB55-331F2B784E6A}.Release|Any CPU.Build.0 = Release|Any CPU
	EndGlobalSection
	GlobalSection(SolutionProperties) = preSolution
		HideSolutionNode = FALSE
	EndGlobalSection
	GlobalSection(ExtensibilityGlobals) = postSolution
		SolutionGuid = {21CF1DED-895F-4632-8BCF-7207AD991CA9}
	EndGlobalSection
EndGlobal
